
Microsoft Visual Studio Solution File, Format Version 12.00
Project("{2150E333-8FDC-42A3-9474-1A3956D46DE8}") = "src", "src", "{9EC2244A-46A4-4347-886C-6252C2C91107}"
EndProject
Project("{FAE04EC0-301F-11D3-BF4B-00C04F79EFBC}") = "GOaidaLunchBot.Core", "GOaidaLunchBot.Core\GOaidaLunchBot.Core.csproj", "{66E62481-656E-46C3-9DEE-9AA3BD487C41}"
EndProject
Global
	GlobalSection(SolutionConfigurationPlatforms) = preSolution
		Debug|Any CPU = Debug|Any CPU
		Release|Any CPU = Release|Any CPU
	EndGlobalSection
	GlobalSection(NestedProjects) = preSolution
		{66E62481-656E-46C3-9DEE-9AA3BD487C41} = {9EC2244A-46A4-4347-886C-6252C2C91107}
	EndGlobalSection
	GlobalSection(ProjectConfigurationPlatforms) = postSolution
		{66E62481-656E-46C3-9DEE-9AA3BD487C41}.Debug|Any CPU.ActiveCfg = Debug|Any CPU
		{66E62481-656E-46C3-9DEE-9AA3BD487C41}.Debug|Any CPU.Build.0 = Debug|Any CPU
		{66E62481-656E-46C3-9DEE-9AA3BD487C41}.Release|Any CPU.ActiveCfg = Release|Any CPU
		{66E62481-656E-46C3-9DEE-9AA3BD487C41}.Release|Any CPU.Build.0 = Release|Any CPU
	EndGlobalSection
EndGlobal
